<?xml version="1.0" encoding="utf-8"?>
<Project ToolsVersion="4.0" xmlns="http://schemas.microsoft.com/developer/msbuild/2003">
  <ItemGroup>
    <Filter Include="Исходные файлы">
      <UniqueIdentifier>{4FC737F1-C7A5-4376-A066-2A32D752A2FF}</UniqueIdentifier>
      <Extensions>cpp;c;cc;cxx;c++;cppm;ixx;def;odl;idl;hpj;bat;asm;asmx</Extensions>
    </Filter>
    <Filter Include="Файлы заголовков">
      <UniqueIdentifier>{93995380-89BD-4b04-88EB-625FBE52EBFB}</UniqueIdentifier>
      <Extensions>h;hh;hpp;hxx;h++;hm;inl;inc;ipp;xsd</Extensions>
    </Filter>
    <Filter Include="Файлы ресурсов">
      <UniqueIdentifier>{67DA6AB6-F800-4c08-8B7A-83BB121AAD01}</UniqueIdentifier>
      <Extensions>rc;ico;cur;bmp;dlg;rc2;rct;bin;rgs;gif;jpg;jpeg;jpe;resx;tiff;tif;png;wav;mfcribbon-ms</Extensions>
    </Filter>
  </ItemGroup>
  <ItemGroup>
    <ClCompile Include="Source\main.cpp">
      <Filter>Исходные файлы</Filter>
    </ClCompile>
    <ClCompile Include="Extern\BSPParser\liblzma\Alloc.c">
      <Filter>Исходные файлы</Filter>
    </ClCompile>
    <ClCompile Include="Extern\BSPParser\liblzma\LzFind.c">
      <Filter>Исходные файлы</Filter>
    </ClCompile>
    <ClCompile Include="Extern\BSPParser\liblzma\LzFindMt.c">
      <Filter>Исходные файлы</Filter>
    </ClCompile>
    <ClCompile Include="Extern\BSPParser\liblzma\LzmaDec.c">
      <Filter>Исходные файлы</Filter>
    </ClCompile>
    <ClCompile Include="Extern\BSPParser\liblzma\LzmaEnc.c">
      <Filter>Исходные файлы</Filter>
    </ClCompile>
    <ClCompile Include="Extern\BSPParser\liblzma\LzmaLib.c">
      <Filter>Исходные файлы</Filter>
    </ClCompile>
    <ClCompile Include="Extern\BSPParser\liblzma\LzmaLibExports.c">
      <Filter>Исходные файлы</Filter>
    </ClCompile>
    <ClCompile Include="Extern\BSPParser\liblzma\Threads.c">
      <Filter>Исходные файлы</Filter>
    </ClCompile>
    <ClCompile Include="Extern\BSPParser\bsp_parser.cpp">
      <Filter>Исходные файлы</Filter>
    </ClCompile>
    <ClCompile Include="Extern\Imgui\imgui.cpp">
      <Filter>Исходные файлы</Filter>
    </ClCompile>
    <ClCompile Include="Extern\Imgui\imgui_demo.cpp">
      <Filter>Исходные файлы</Filter>
    </ClCompile>
    <ClCompile Include="Extern\Imgui\imgui_draw.cpp">
      <Filter>Исходные файлы</Filter>
    </ClCompile>
    <ClCompile Include="Extern\Imgui\imgui_impl_dx9.cpp">
      <Filter>Исходные файлы</Filter>
    </ClCompile>
    <ClCompile Include="Extern\Imgui\imgui_impl_win32.cpp">
      <Filter>Исходные файлы</Filter>
    </ClCompile>
    <ClCompile Include="Extern\Imgui\imgui_tables.cpp">
      <Filter>Исходные файлы</Filter>
    </ClCompile>
    <ClCompile Include="Extern\Imgui\imgui_widgets.cpp">
      <Filter>Исходные файлы</Filter>
    </ClCompile>
    <ClCompile Include="Source\SDK\Memory\Memory.cpp">
      <Filter>Исходные файлы</Filter>
    </ClCompile>
    <ClCompile Include="Source\SDK\Render\Overlay.cpp">
      <Filter>Исходные файлы</Filter>
    </ClCompile>
    <ClCompile Include="Source\SDK\Render\Render.cpp">
      <Filter>Исходные файлы</Filter>
    </ClCompile>
    <ClCompile Include="Source\SDK\MapParser\MapParser.cpp">
      <Filter>Исходные файлы</Filter>
    </ClCompile>
    <ClCompile Include="Source\SDK\Input\Input.cpp">
      <Filter>Исходные файлы</Filter>
    </ClCompile>
    <ClCompile Include="Source\SDK\Time\Time.cpp">
      <Filter>Исходные файлы</Filter>
    </ClCompile>
    <ClCompile Include="Source\SDK\Entity\EntityHandler.cpp">
      <Filter>Исходные файлы</Filter>
    </ClCompile>
    <ClCompile Include="Source\Modules\Config\Config.cpp">
      <Filter>Исходные файлы</Filter>
    </ClCompile>
    <ClCompile Include="Source\SDK\Render\Image.cpp">
      <Filter>Исходные файлы</Filter>
    </ClCompile>
    <ClCompile Include="Source\Modules\Menu\Menu.cpp">
      <Filter>Исходные файлы</Filter>
    </ClCompile>
    <ClCompile Include="Source\Modules\Visuals\Visuals.cpp">
      <Filter>Исходные файлы</Filter>
    </ClCompile>
    <ClCompile Include="Source\Modules\Misk\Misk.cpp">
      <Filter>Исходные файлы</Filter>
    </ClCompile>
    <ClCompile Include="Source\Modules\Misk\Radar.cpp">
      <Filter>Исходные файлы</Filter>
    </ClCompile>
  </ItemGroup>
  <ItemGroup>
    <ClInclude Include="Extern\BSPParser\liblzma\7zTypes.h">
      <Filter>Файлы заголовков</Filter>
    </ClInclude>
    <ClInclude Include="Extern\BSPParser\liblzma\7zVersion.h">
      <Filter>Файлы заголовков</Filter>
    </ClInclude>
    <ClInclude Include="Extern\BSPParser\liblzma\Alloc.h">
      <Filter>Файлы заголовков</Filter>
    </ClInclude>
    <ClInclude Include="Extern\BSPParser\liblzma\Compiler.h">
      <Filter>Файлы заголовков</Filter>
    </ClInclude>
    <ClInclude Include="Extern\BSPParser\liblzma\LzFind.h">
      <Filter>Файлы заголовков</Filter>
    </ClInclude>
    <ClInclude Include="Extern\BSPParser\liblzma\LzFindMt.h">
      <Filter>Файлы заголовков</Filter>
    </ClInclude>
    <ClInclude Include="Extern\BSPParser\liblzma\LzHash.h">
      <Filter>Файлы заголовков</Filter>
    </ClInclude>
    <ClInclude Include="Extern\BSPParser\liblzma\LzmaDec.h">
      <Filter>Файлы заголовков</Filter>
    </ClInclude>
    <ClInclude Include="Extern\BSPParser\liblzma\LzmaEnc.h">
      <Filter>Файлы заголовков</Filter>
    </ClInclude>
    <ClInclude Include="Extern\BSPParser\liblzma\LzmaLib.h">
      <Filter>Файлы заголовков</Filter>
    </ClInclude>
    <ClInclude Include="Extern\BSPParser\liblzma\Precomp.h">
      <Filter>Файлы заголовков</Filter>
    </ClInclude>
    <ClInclude Include="Extern\BSPParser\liblzma\Threads.h">
      <Filter>Файлы заголовков</Filter>
    </ClInclude>
    <ClInclude Include="Extern\BSPParser\bsp_parser.hpp">
      <Filter>Файлы заголовков</Filter>
    </ClInclude>
    <ClInclude Include="Extern\BSPParser\matrix.hpp">
      <Filter>Файлы заголовков</Filter>
    </ClInclude>
    <ClInclude Include="Extern\BSPParser\requirements.hpp">
      <Filter>Файлы заголовков</Filter>
    </ClInclude>
    <ClInclude Include="Extern\BSPParser\valve_structs.hpp">
      <Filter>Файлы заголовков</Filter>
    </ClInclude>
    <ClInclude Include="Extern\D3D9\Include\audiodefs.h">
      <Filter>Файлы заголовков</Filter>
    </ClInclude>
    <ClInclude Include="Extern\D3D9\Include\comdecl.h">
      <Filter>Файлы заголовков</Filter>
    </ClInclude>
    <ClInclude Include="Extern\D3D9\Include\D2D1.h">
      <Filter>Файлы заголовков</Filter>
    </ClInclude>
    <ClInclude Include="Extern\D3D9\Include\D2D1Helper.h">
      <Filter>Файлы заголовков</Filter>
    </ClInclude>
    <ClInclude Include="Extern\D3D9\Include\D2DBaseTypes.h">
      <Filter>Файлы заголовков</Filter>
    </ClInclude>
    <ClInclude Include="Extern\D3D9\Include\D2Derr.h">
      <Filter>Файлы заголовков</Filter>
    </ClInclude>
    <ClInclude Include="Extern\D3D9\Include\d3d9.h">
      <Filter>Файлы заголовков</Filter>
    </ClInclude>
    <ClInclude Include="Extern\D3D9\Include\d3d9caps.h">
      <Filter>Файлы заголовков</Filter>
    </ClInclude>
    <ClInclude Include="Extern\D3D9\Include\d3d9types.h">
      <Filter>Файлы заголовков</Filter>
    </ClInclude>
    <ClInclude Include="Extern\D3D9\Include\D3Dcommon.h">
      <Filter>Файлы заголовков</Filter>
    </ClInclude>
    <ClInclude Include="Extern\D3D9\Include\D3Dcompiler.h">
      <Filter>Файлы заголовков</Filter>
    </ClInclude>
    <ClInclude Include="Extern\D3D9\Include\D3DCSX.h">
      <Filter>Файлы заголовков</Filter>
    </ClInclude>
    <ClInclude Include="Extern\D3D9\Include\d3dx9.h">
      <Filter>Файлы заголовков</Filter>
    </ClInclude>
    <ClInclude Include="Extern\D3D9\Include\d3dx9anim.h">
      <Filter>Файлы заголовков</Filter>
    </ClInclude>
    <ClInclude Include="Extern\D3D9\Include\d3dx9core.h">
      <Filter>Файлы заголовков</Filter>
    </ClInclude>
    <ClInclude Include="Extern\D3D9\Include\d3dx9effect.h">
      <Filter>Файлы заголовков</Filter>
    </ClInclude>
    <ClInclude Include="Extern\D3D9\Include\d3dx9math.h">
      <Filter>Файлы заголовков</Filter>
    </ClInclude>
    <ClInclude Include="Extern\D3D9\Include\d3dx9mesh.h">
      <Filter>Файлы заголовков</Filter>
    </ClInclude>
    <ClInclude Include="Extern\D3D9\Include\d3dx9shader.h">
      <Filter>Файлы заголовков</Filter>
    </ClInclude>
    <ClInclude Include="Extern\D3D9\Include\d3dx9shape.h">
      <Filter>Файлы заголовков</Filter>
    </ClInclude>
    <ClInclude Include="Extern\D3D9\Include\d3dx9tex.h">
      <Filter>Файлы заголовков</Filter>
    </ClInclude>
    <ClInclude Include="Extern\D3D9\Include\d3dx9xof.h">
      <Filter>Файлы заголовков</Filter>
    </ClInclude>
    <ClInclude Include="Extern\D3D9\Include\Dcommon.h">
      <Filter>Файлы заголовков</Filter>
    </ClInclude>
    <ClInclude Include="Extern\D3D9\Include\dinput.h">
      <Filter>Файлы заголовков</Filter>
    </ClInclude>
    <ClInclude Include="Extern\D3D9\Include\dinputd.h">
      <Filter>Файлы заголовков</Filter>
    </ClInclude>
    <ClInclude Include="Extern\D3D9\Include\dsconf.h">
      <Filter>Файлы заголовков</Filter>
    </ClInclude>
    <ClInclude Include="Extern\D3D9\Include\dsetup.h">
      <Filter>Файлы заголовков</Filter>
    </ClInclude>
    <ClInclude Include="Extern\D3D9\Include\dsound.h">
      <Filter>Файлы заголовков</Filter>
    </ClInclude>
    <ClInclude Include="Extern\D3D9\Include\DWrite.h">
      <Filter>Файлы заголовков</Filter>
    </ClInclude>
    <ClInclude Include="Extern\D3D9\Include\dxdiag.h">
      <Filter>Файлы заголовков</Filter>
    </ClInclude>
    <ClInclude Include="Extern\D3D9\Include\DxErr.h">
      <Filter>Файлы заголовков</Filter>
    </ClInclude>
    <ClInclude Include="Extern\D3D9\Include\dxfile.h">
      <Filter>Файлы заголовков</Filter>
    </ClInclude>
    <ClInclude Include="Extern\D3D9\Include\DXGI.h">
      <Filter>Файлы заголовков</Filter>
    </ClInclude>
    <ClInclude Include="Extern\D3D9\Include\DXGIFormat.h">
      <Filter>Файлы заголовков</Filter>
    </ClInclude>
    <ClInclude Include="Extern\D3D9\Include\DXGIType.h">
      <Filter>Файлы заголовков</Filter>
    </ClInclude>
    <ClInclude Include="Extern\D3D9\Include\dxsdkver.h">
      <Filter>Файлы заголовков</Filter>
    </ClInclude>
    <ClInclude Include="Extern\D3D9\Include\gameux.h">
      <Filter>Файлы заголовков</Filter>
    </ClInclude>
    <ClInclude Include="Extern\D3D9\Include\PIXPlugin.h">
      <Filter>Файлы заголовков</Filter>
    </ClInclude>
    <ClInclude Include="Extern\D3D9\Include\rmxfguid.h">
      <Filter>Файлы заголовков</Filter>
    </ClInclude>
    <ClInclude Include="Extern\D3D9\Include\rmxftmpl.h">
      <Filter>Файлы заголовков</Filter>
    </ClInclude>
    <ClInclude Include="Extern\D3D9\Include\rpcsal.h">
      <Filter>Файлы заголовков</Filter>
    </ClInclude>
    <ClInclude Include="Extern\D3D9\Include\X3DAudio.h">
      <Filter>Файлы заголовков</Filter>
    </ClInclude>
    <ClInclude Include="Extern\D3D9\Include\xact3.h">
      <Filter>Файлы заголовков</Filter>
    </ClInclude>
    <ClInclude Include="Extern\D3D9\Include\xact3d3.h">
      <Filter>Файлы заголовков</Filter>
    </ClInclude>
    <ClInclude Include="Extern\D3D9\Include\xact3wb.h">
      <Filter>Файлы заголовков</Filter>
    </ClInclude>
    <ClInclude Include="Extern\D3D9\Include\XAPO.h">
      <Filter>Файлы заголовков</Filter>
    </ClInclude>
    <ClInclude Include="Extern\D3D9\Include\XAPOBase.h">
      <Filter>Файлы заголовков</Filter>
    </ClInclude>
    <ClInclude Include="Extern\D3D9\Include\XAPOFX.h">
      <Filter>Файлы заголовков</Filter>
    </ClInclude>
    <ClInclude Include="Extern\D3D9\Include\XAudio2.h">
      <Filter>Файлы заголовков</Filter>
    </ClInclude>
    <ClInclude Include="Extern\D3D9\Include\XAudio2fx.h">
      <Filter>Файлы заголовков</Filter>
    </ClInclude>
    <ClInclude Include="Extern\D3D9\Include\XDSP.h">
      <Filter>Файлы заголовков</Filter>
    </ClInclude>
    <ClInclude Include="Extern\D3D9\Include\XInput.h">
      <Filter>Файлы заголовков</Filter>
    </ClInclude>
    <ClInclude Include="Extern\D3D9\Include\xma2defs.h">
      <Filter>Файлы заголовков</Filter>
    </ClInclude>
    <ClInclude Include="Extern\D3D9\Include\xnamath.h">
      <Filter>Файлы заголовков</Filter>
    </ClInclude>
    <ClInclude Include="Extern\Imgui\imconfig.h">
      <Filter>Файлы заголовков</Filter>
    </ClInclude>
    <ClInclude Include="Extern\Imgui\imgui.h">
      <Filter>Файлы заголовков</Filter>
    </ClInclude>
    <ClInclude Include="Extern\Imgui\imgui_impl_dx9.h">
      <Filter>Файлы заголовков</Filter>
    </ClInclude>
    <ClInclude Include="Extern\Imgui\imgui_impl_win32.h">
      <Filter>Файлы заголовков</Filter>
    </ClInclude>
    <ClInclude Include="Extern\Imgui\imgui_internal.h">
      <Filter>Файлы заголовков</Filter>
    </ClInclude>
    <ClInclude Include="Extern\Imgui\imstb_rectpack.h">
      <Filter>Файлы заголовков</Filter>
    </ClInclude>
    <ClInclude Include="Extern\Imgui\imstb_textedit.h">
      <Filter>Файлы заголовков</Filter>
    </ClInclude>
    <ClInclude Include="Extern\Imgui\imstb_truetype.h">
      <Filter>Файлы заголовков</Filter>
    </ClInclude>
    <ClInclude Include="Extern\Json\json.hpp">
      <Filter>Файлы заголовков</Filter>
    </ClInclude>
    <ClInclude Include="Extern\Json\json_fwd.hpp">
      <Filter>Файлы заголовков</Filter>
    </ClInclude>
    <ClInclude Include="Source\SDK\SDK.h">
      <Filter>Файлы заголовков</Filter>
    </ClInclude>
    <ClInclude Include="Source\SDK\Memory\IDriver.h">
      <Filter>Файлы заголовков</Filter>
    </ClInclude>
    <ClInclude Include="Source\SDK\Memory\Memory.h">
      <Filter>Файлы заголовков</Filter>
    </ClInclude>
    <ClInclude Include="Source\SDK\Memory\Module.h">
      <Filter>Файлы заголовков</Filter>
    </ClInclude>
    <ClInclude Include="Source\SDK\Render\Overlay.h">
      <Filter>Файлы заголовков</Filter>
    </ClInclude>
    <ClInclude Include="Source\SDK\Math\Math.h">
      <Filter>Файлы заголовков</Filter>
    </ClInclude>
    <ClInclude Include="Source\SDK\Render\Render.h">
      <Filter>Файлы заголовков</Filter>
    </ClInclude>
    <ClInclude Include="Source\SDK\MapParser\MapParser.h">
      <Filter>Файлы заголовков</Filter>
    </ClInclude>
    <ClInclude Include="Source\SDK\Memory\Offsets.h">
      <Filter>Файлы заголовков</Filter>
    </ClInclude>
    <ClInclude Include="Source\SDK\Input\Input.h">
      <Filter>Файлы заголовков</Filter>
    </ClInclude>
    <ClInclude Include="Source\SDK\Enum\Enums.h">
      <Filter>Файлы заголовков</Filter>
    </ClInclude>
    <ClInclude Include="Source\SDK\Time\Time.h">
      <Filter>Файлы заголовков</Filter>
    </ClInclude>
    <ClInclude Include="Source\SDK\Entity\Bone.h">
      <Filter>Файлы заголовков</Filter>
    </ClInclude>
    <ClInclude Include="Source\SDK\Entity\EntityHandler.h">
      <Filter>Файлы заголовков</Filter>
    </ClInclude>
    <ClInclude Include="Source\Modules\Config\Config.h">
      <Filter>Файлы заголовков</Filter>
    </ClInclude>
    <ClInclude Include="Source\Modules\Menu\Icons\CloseIcon.h">
      <Filter>Файлы заголовков</Filter>
    </ClInclude>
    <ClInclude Include="Source\Modules\Menu\Icons\ConfigIcon.h">
      <Filter>Файлы заголовков</Filter>
    </ClInclude>
    <ClInclude Include="Source\Modules\Menu\Icons\MiskIcon.h">
      <Filter>Файлы заголовков</Filter>
    </ClInclude>
    <ClInclude Include="Source\Modules\Menu\Icons\VisualsIcon.h">
      <Filter>Файлы заголовков</Filter>
    </ClInclude>
    <ClInclude Include="Source\SDK\Render\Image.h">
      <Filter>Файлы заголовков</Filter>
    </ClInclude>
    <ClInclude Include="Source\Modules\Menu\Menu.h">
      <Filter>Файлы заголовков</Filter>
    </ClInclude>
    <ClInclude Include="Source\Modules\Visuals\Visuals.h">
      <Filter>Файлы заголовков</Filter>
    </ClInclude>
    <ClInclude Include="Source\SDK\Render\ImColor.h">
      <Filter>Файлы заголовков</Filter>
    </ClInclude>
    <ClInclude Include="Source\Modules\Misk\Misk.h">
      <Filter>Файлы заголовков</Filter>
    </ClInclude>
    <ClInclude Include="Source\Modules\Misk\Radar.h">
      <Filter>Файлы заголовков</Filter>
    </ClInclude>
    <ClInclude Include="Source\SDK\Engine\Hl2Engine.h">
      <Filter>Файлы заголовков</Filter>
    </ClInclude>
  </ItemGroup>
  <ItemGroup>
    <ResourceCompile Include="Extern\BSPParser\liblzma\7zVersion.rc">
      <Filter>Файлы ресурсов</Filter>
    </ResourceCompile>
    <ResourceCompile Include="Extern\BSPParser\liblzma\resource.rc">
      <Filter>Файлы ресурсов</Filter>
    </ResourceCompile>
  </ItemGroup>
  <ItemGroup>
    <None Include="Extern\BSPParser\liblzma\LzmaLib.def">
      <Filter>Исходные файлы</Filter>
    </None>
    <None Include="Extern\D3D9\Include\D3DX_DXGIFormatConvert.inl">
      <Filter>Файлы заголовков</Filter>
    </None>
    <None Include="Extern\D3D9\Include\d3dx9math.inl">
      <Filter>Файлы заголовков</Filter>
    </None>
    <None Include="Extern\D3D9\Include\xnamathconvert.inl">
      <Filter>Файлы заголовков</Filter>
    </None>
    <None Include="Extern\D3D9\Include\xnamathmatrix.inl">
      <Filter>Файлы заголовков</Filter>
    </None>
    <None Include="Extern\D3D9\Include\xnamathmisc.inl">
      <Filter>Файлы заголовков</Filter>
    </None>
    <None Include="Extern\D3D9\Include\xnamathvector.inl">
      <Filter>Файлы заголовков</Filter>
    </None>
  </ItemGroup>
</Project>